
Microsoft Visual Studio Solution File, Format Version 12.00
# Visual Studio Version 17
VisualStudioVersion = 17.7.34018.315
MinimumVisualStudioVersion = 10.0.40219.1
Project("{9A19103F-16F7-4668-BE54-9A1E7A4F7556}") = "MiCalculadora", "MiCalculadora\MiCalculadora.csproj", "{39F545A4-5401-4E04-AE7B-D8BA09E46EF8}"
EndProject
Project("{FAE04EC0-301F-11D3-BF4B-00C04F79EFBC}") = "Entidades", "Entidades\Entidades.csproj", "{16D69738-11F2-4DB5-BBA7-61333C00BA01}"
EndProject
Global
	GlobalSection(SolutionConfigurationPlatforms) = preSolution
		Debug|Any CPU = Debug|Any CPU
		Release|Any CPU = Release|Any CPU
	EndGlobalSection
	GlobalSection(ProjectConfigurationPlatforms) = postSolution
		{39F545A4-5401-4E04-AE7B-D8BA09E46EF8}.Debug|Any CPU.ActiveCfg = Debug|Any CPU
		{39F545A4-5401-4E04-AE7B-D8BA09E46EF8}.Debug|Any CPU.Build.0 = Debug|Any CPU
		{39F545A4-5401-4E04-AE7B-D8BA09E46EF8}.Release|Any CPU.ActiveCfg = Release|Any CPU
		{39F545A4-5401-4E04-AE7B-D8BA09E46EF8}.Release|Any CPU.Build.0 = Release|Any CPU
		{16D69738-11F2-4DB5-BBA7-61333C00BA01}.Debug|Any CPU.ActiveCfg = Debug|Any CPU
		{16D69738-11F2-4DB5-BBA7-61333C00BA01}.Debug|Any CPU.Build.0 = Debug|Any CPU
		{16D69738-11F2-4DB5-BBA7-61333C00BA01}.Release|Any CPU.ActiveCfg = Release|Any CPU
		{16D69738-11F2-4DB5-BBA7-61333C00BA01}.Release|Any CPU.Build.0 = Release|Any CPU
	EndGlobalSection
	GlobalSection(SolutionProperties) = preSolution
		HideSolutionNode = FALSE
	EndGlobalSection
	GlobalSection(ExtensibilityGlobals) = postSolution
		SolutionGuid = {089F031C-1451-4B74-A662-4B16F23A40D7}
	EndGlobalSection
EndGlobal
