
Microsoft Visual Studio Solution File, Format Version 12.00
# Visual Studio Version 17
VisualStudioVersion = 17.7.34018.315
MinimumVisualStudioVersion = 10.0.40219.1
Project("{9A19103F-16F7-4668-BE54-9A1E7A4F7556}") = "MiCalculadora", "MiCalculadora.csproj", "{A99DC215-79B9-4CE1-B958-7B6B9AD40A91}"
EndProject
Project("{FAE04EC0-301F-11D3-BF4B-00C04F79EFBC}") = "Entidades", "..\Entidades\Entidades.csproj", "{908003B2-1192-4756-83B7-E787F925DE8A}"
EndProject
Global
	GlobalSection(SolutionConfigurationPlatforms) = preSolution
		Debug|Any CPU = Debug|Any CPU
		Release|Any CPU = Release|Any CPU
	EndGlobalSection
	GlobalSection(ProjectConfigurationPlatforms) = postSolution
		{A99DC215-79B9-4CE1-B958-7B6B9AD40A91}.Debug|Any CPU.ActiveCfg = Debug|Any CPU
		{A99DC215-79B9-4CE1-B958-7B6B9AD40A91}.Debug|Any CPU.Build.0 = Debug|Any CPU
		{A99DC215-79B9-4CE1-B958-7B6B9AD40A91}.Release|Any CPU.ActiveCfg = Release|Any CPU
		{A99DC215-79B9-4CE1-B958-7B6B9AD40A91}.Release|Any CPU.Build.0 = Release|Any CPU
		{908003B2-1192-4756-83B7-E787F925DE8A}.Debug|Any CPU.ActiveCfg = Debug|Any CPU
		{908003B2-1192-4756-83B7-E787F925DE8A}.Debug|Any CPU.Build.0 = Debug|Any CPU
		{908003B2-1192-4756-83B7-E787F925DE8A}.Release|Any CPU.ActiveCfg = Release|Any CPU
		{908003B2-1192-4756-83B7-E787F925DE8A}.Release|Any CPU.Build.0 = Release|Any CPU
	EndGlobalSection
	GlobalSection(SolutionProperties) = preSolution
		HideSolutionNode = FALSE
	EndGlobalSection
	GlobalSection(ExtensibilityGlobals) = postSolution
		SolutionGuid = {52733D34-8A33-4273-BF73-9BF5888F0DBE}
	EndGlobalSection
EndGlobal
